
Microsoft Visual Studio Solution File, Format Version 12.00
# Visual Studio 15
VisualStudioVersion = 15.0.27703.2026
MinimumVisualStudioVersion = 10.0.40219.1
Project("{FAE04EC0-301F-11D3-BF4B-00C04F79EFBC}") = "PracticaLista", "PracticaLista\PracticaLista.csproj", "{4FFB05DB-FF4B-442A-A138-B660656D0ACB}"
EndProject
Global
	GlobalSection(SolutionConfigurationPlatforms) = preSolution
		Debug|Any CPU = Debug|Any CPU
		Release|Any CPU = Release|Any CPU
	EndGlobalSection
	GlobalSection(ProjectConfigurationPlatforms) = postSolution
		{4FFB05DB-FF4B-442A-A138-B660656D0ACB}.Debug|Any CPU.ActiveCfg = Debug|Any CPU
		{4FFB05DB-FF4B-442A-A138-B660656D0ACB}.Debug|Any CPU.Build.0 = Debug|Any CPU
		{4FFB05DB-FF4B-442A-A138-B660656D0ACB}.Release|Any CPU.ActiveCfg = Release|Any CPU
		{4FFB05DB-FF4B-442A-A138-B660656D0ACB}.Release|Any CPU.Build.0 = Release|Any CPU
	EndGlobalSection
	GlobalSection(SolutionProperties) = preSolution
		HideSolutionNode = FALSE
	EndGlobalSection
	GlobalSection(ExtensibilityGlobals) = postSolution
		SolutionGuid = {2E6C6D6F-B90F-4F4D-804D-C7C2048DC8FC}
	EndGlobalSection
EndGlobal
